Microsoft Visual Studio Solution File, Format Version 12.00
# Visual Studio Version 17
VisualStudioVersion = 17.11.35303.130
MinimumVisualStudioVersion = 10.0.40219.1
Project("{FAE04EC0-301F-11D3-BF4B-00C04F79EFBC}") = "PMSCTIS.AppHost", "PMSCTIS.AppHost\PMSCTIS.AppHost.csproj", "{C6975D8A-ADE0-4487-9C2E-1EFF80800714}"
EndProject
Project("{9A19103F-16F7-4668-BE54-9A1E7A4F7556}") = "PMSCTIS.ServiceDefaults", "PMSCTIS.ServiceDefaults\PMSCTIS.ServiceDefaults.csproj", "{6B5BBEC7-D043-4C7F-A0A2-57C2333D697E}"
EndProject
Project("{FAE04EC0-301F-11D3-BF4B-00C04F79EFBC}") = "CORE", "CORE\CORE.csproj", "{0BE9DD20-139E-47EF-8BBC-75395946F85D}"
EndProject
Project("{FAE04EC0-301F-11D3-BF4B-00C04F79EFBC}") = "APP.Projects", "APP.Projects\APP.Projects.csproj", "{1302DB44-D505-46B2-8955-7720C125D465}"
EndProject
Project("{FAE04EC0-301F-11D3-BF4B-00C04F79EFBC}") = "API.Projects", "API.Projects\API.Projects.csproj", "{8AEBCE9F-F65B-4E4B-BE06-734341F2601B}"
EndProject
Project("{FAE04EC0-301F-11D3-BF4B-00C04F79EFBC}") = "APP.Users", "APP.Users\APP.Users.csproj", "{05F9380A-144E-439E-B963-0F3D486350EC}"
EndProject
Project("{FAE04EC0-301F-11D3-BF4B-00C04F79EFBC}") = "API.Users", "API.Users\API.Users.csproj", "{D882A5CD-EED0-4A28-9B6B-0E3B13C1F329}"
EndProject
Global
	GlobalSection(SolutionConfigurationPlatforms) = preSolution
		Debug|Any CPU = Debug|Any CPU
		Release|Any CPU = Release|Any CPU
	EndGlobalSection
	GlobalSection(ProjectConfigurationPlatforms) = postSolution
		{C6975D8A-ADE0-4487-9C2E-1EFF80800714}.Debug|Any CPU.ActiveCfg = Debug|Any CPU
		{C6975D8A-ADE0-4487-9C2E-1EFF80800714}.Debug|Any CPU.Build.0 = Debug|Any CPU
		{C6975D8A-ADE0-4487-9C2E-1EFF80800714}.Release|Any CPU.ActiveCfg = Release|Any CPU
		{C6975D8A-ADE0-4487-9C2E-1EFF80800714}.Release|Any CPU.Build.0 = Release|Any CPU
		{6B5BBEC7-D043-4C7F-A0A2-57C2333D697E}.Debug|Any CPU.ActiveCfg = Debug|Any CPU
		{6B5BBEC7-D043-4C7F-A0A2-57C2333D697E}.Debug|Any CPU.Build.0 = Debug|Any CPU
		{6B5BBEC7-D043-4C7F-A0A2-57C2333D697E}.Release|Any CPU.ActiveCfg = Release|Any CPU
		{6B5BBEC7-D043-4C7F-A0A2-57C2333D697E}.Release|Any CPU.Build.0 = Release|Any CPU
		{0BE9DD20-139E-47EF-8BBC-75395946F85D}.Debug|Any CPU.ActiveCfg = Debug|Any CPU
		{0BE9DD20-139E-47EF-8BBC-75395946F85D}.Debug|Any CPU.Build.0 = Debug|Any CPU
		{0BE9DD20-139E-47EF-8BBC-75395946F85D}.Release|Any CPU.ActiveCfg = Release|Any CPU
		{0BE9DD20-139E-47EF-8BBC-75395946F85D}.Release|Any CPU.Build.0 = Release|Any CPU
		{1302DB44-D505-46B2-8955-7720C125D465}.Debug|Any CPU.ActiveCfg = Debug|Any CPU
		{1302DB44-D505-46B2-8955-7720C125D465}.Debug|Any CPU.Build.0 = Debug|Any CPU
		{1302DB44-D505-46B2-8955-7720C125D465}.Release|Any CPU.ActiveCfg = Release|Any CPU
		{1302DB44-D505-46B2-8955-7720C125D465}.Release|Any CPU.Build.0 = Release|Any CPU
		{8AEBCE9F-F65B-4E4B-BE06-734341F2601B}.Debug|Any CPU.ActiveCfg = Debug|Any CPU
		{8AEBCE9F-F65B-4E4B-BE06-734341F2601B}.Debug|Any CPU.Build.0 = Debug|Any CPU
		{8AEBCE9F-F65B-4E4B-BE06-734341F2601B}.Release|Any CPU.ActiveCfg = Release|Any CPU
		{8AEBCE9F-F65B-4E4B-BE06-734341F2601B}.Release|Any CPU.Build.0 = Release|Any CPU
		{05F9380A-144E-439E-B963-0F3D486350EC}.Debug|Any CPU.ActiveCfg = Debug|Any CPU
		{05F9380A-144E-439E-B963-0F3D486350EC}.Debug|Any CPU.Build.0 = Debug|Any CPU
		{05F9380A-144E-439E-B963-0F3D486350EC}.Release|Any CPU.ActiveCfg = Release|Any CPU
		{05F9380A-144E-439E-B963-0F3D486350EC}.Release|Any CPU.Build.0 = Release|Any CPU
		{D882A5CD-EED0-4A28-9B6B-0E3B13C1F329}.Debug|Any CPU.ActiveCfg = Debug|Any CPU
		{D882A5CD-EED0-4A28-9B6B-0E3B13C1F329}.Debug|Any CPU.Build.0 = Debug|Any CPU
		{D882A5CD-EED0-4A28-9B6B-0E3B13C1F329}.Release|Any CPU.ActiveCfg = Release|Any CPU
		{D882A5CD-EED0-4A28-9B6B-0E3B13C1F329}.Release|Any CPU.Build.0 = Release|Any CPU
	EndGlobalSection
	GlobalSection(SolutionProperties) = preSolution
		HideSolutionNode = FALSE
	EndGlobalSection
	GlobalSection(ExtensibilityGlobals) = postSolution
		SolutionGuid = {BD6849C3-40E8-4242-810A-3DD892C6A21E}
	EndGlobalSection
EndGlobal
